// !$*UTF8*$!
{
	archiveVersion = 1;
	classes = {
	};
	objectVersion = 56;
	objects = {

/* Begin PBXBuildFile section */
		2C42E1412B51A283006B1040 /* AppDelegate.swift in Sources */ = {isa = PBXBuildFile; fileRef = 2C42E1402B51A283006B1040 /* AppDelegate.swift */; };
		2C42E1432B51A283006B1040 /* SceneDelegate.swift in Sources */ = {isa = PBXBuildFile; fileRef = 2C42E1422B51A283006B1040 /* SceneDelegate.swift */; };
		2C42E1452B51A283006B1040 /* ViewController.swift in Sources */ = {isa = PBXBuildFile; fileRef = 2C42E1442B51A283006B1040 /* ViewController.swift */; };
		2C42E1482B51A283006B1040 /* Main.storyboard in Resources */ = {isa = PBXBuildFile; fileRef = 2C42E1462B51A283006B1040 /* Main.storyboard */; };
		2C42E14A2B51A284006B1040 /* Assets.xcassets in Resources */ = {isa = PBXBuildFile; fileRef = 2C42E1492B51A284006B1040 /* Assets.xcassets */; };
		2C42E14D2B51A284006B1040 /* LaunchScreen.storyboard in Resources */ = {isa = PBXBuildFile; fileRef = 2C42E14B2B51A284006B1040 /* LaunchScreen.storyboard */; };
		2C42E1552B51A2AE006B1040 /* ViewControllerSegundaPantalla.swift in Sources */ = {isa = PBXBuildFile; fileRef = 2C42E1542B51A2AE006B1040 /* ViewControllerSegundaPantalla.swift */; };
		2C42E1572B51A2C7006B1040 /* Automovil.swift in Sources */ = {isa = PBXBuildFile; fileRef = 2C42E1562B51A2C7006B1040 /* Automovil.swift */; };
		2C42E1592B51A397006B1040 /* AutomovilElectrico.swift in Sources */ = {isa = PBXBuildFile; fileRef = 2C42E1582B51A397006B1040 /* AutomovilElectrico.swift */; };
/* End PBXBuildFile section */

/* Begin PBXFileReference section */
		2C42E13D2B51A283006B1040 /* FabricaAutomoviles.app */ = {isa = PBXFileReference; explicitFileType = wrapper.application; includeInIndex = 0; path = FabricaAutomoviles.app; sourceTree = BUILT_PRODUCTS_DIR; };
		2C42E1402B51A283006B1040 /* AppDelegate.swift */ = {isa = PBXFileReference; lastKnownFileType = sourcecode.swift; path = AppDelegate.swift; sourceTree = "<group>"; };
		2C42E1422B51A283006B1040 /* SceneDelegate.swift */ = {isa = PBXFileReference; lastKnownFileType = sourcecode.swift; path = SceneDelegate.swift; sourceTree = "<group>"; };
		2C42E1442B51A283006B1040 /* ViewController.swift */ = {isa = PBXFileReference; lastKnownFileType = sourcecode.swift; path = ViewController.swift; sourceTree = "<group>"; };
		2C42E1472B51A283006B1040 /* Base */ = {isa = PBXFileReference; lastKnownFileType = file.storyboard; name = Base; path = Base.lproj/Main.storyboard; sourceTree = "<group>"; };
		2C42E1492B51A284006B1040 /* Assets.xcassets */ = {isa = PBXFileReference; lastKnownFileType = folder.assetcatalog; path = Assets.xcassets; sourceTree = "<group>"; };
		2C42E14C2B51A284006B1040 /* Base */ = {isa = PBXFileReference; lastKnownFileType = file.storyboard; name = Base; path = Base.lproj/LaunchScreen.storyboard; sourceTree = "<group>"; };
		2C42E14E2B51A284006B1040 /* Info.plist */ = {isa = PBXFileReference; lastKnownFileType = text.plist.xml; path = Info.plist; sourceTree = "<group>"; };
		2C42E1542B51A2AE006B1040 /* ViewControllerSegundaPantalla.swift */ = {isa = PBXFileReference; lastKnownFileType = sourcecode.swift; path = ViewControllerSegundaPantalla.swift; sourceTree = "<group>"; };
		2C42E1562B51A2C7006B1040 /* Automovil.swift */ = {isa = PBXFileReference; lastKnownFileType = sourcecode.swift; path = Automovil.swift; sourceTree = "<group>"; };
		2C42E1582B51A397006B1040 /* AutomovilElectrico.swift */ = {isa = PBXFileReference; lastKnownFileType = sourcecode.swift; path = AutomovilElectrico.swift; sourceTree = "<group>"; };
/* End PBXFileReference section */

/* Begin PBXFrameworksBuildPhase section */
		2C42E13A2B51A283006B1040 /* Frameworks */ = {
			isa = PBXFrameworksBuildPhase;
			buildActionMask = 2147483647;
			files = (
			);
			runOnlyForDeploymentPostprocessing = 0;
		};
/* End PBXFrameworksBuildPhase section */

/* Begin PBXGroup section */
		2C42E1342B51A283006B1040 = {
			isa = PBXGroup;
			children = (
				2C42E13F2B51A283006B1040 /* FabricaAutomoviles */,
				2C42E13E2B51A283006B1040 /* Products */,
			);
			sourceTree = "<group>";
		};
		2C42E13E2B51A283006B1040 /* Products */ = {
			isa = PBXGroup;
			children = (
				2C42E13D2B51A283006B1040 /* FabricaAutomoviles.app */,
			);
			name = Products;
			sourceTree = "<group>";
		};
		2C42E13F2B51A283006B1040 /* FabricaAutomoviles */ = {
			isa = PBXGroup;
			children = (
				2C42E1402B51A283006B1040 /* AppDelegate.swift */,
				2C42E1422B51A283006B1040 /* SceneDelegate.swift */,
				2C42E1442B51A283006B1040 /* ViewController.swift */,
				2C42E1542B51A2AE006B1040 /* ViewControllerSegundaPantalla.swift */,
				2C42E1562B51A2C7006B1040 /* Automovil.swift */,
				2C42E1582B51A397006B1040 /* AutomovilElectrico.swift */,
				2C42E1462B51A283006B1040 /* Main.storyboard */,
				2C42E1492B51A284006B1040 /* Assets.xcassets */,
				2C42E14B2B51A284006B1040 /* LaunchScreen.storyboard */,
				2C42E14E2B51A284006B1040 /* Info.plist */,
			);
			path = FabricaAutomoviles;
			sourceTree = "<group>";
		};
/* End PBXGroup section */

/* Begin PBXNativeTarget section */
		2C42E13C2B51A283006B1040 /* FabricaAutomoviles */ = {
			isa = PBXNativeTarget;
			buildConfigurationList = 2C42E1512B51A284006B1040 /* Build configuration list for PBXNativeTarget "FabricaAutomoviles" */;
			buildPhases = (
				2C42E1392B51A283006B1040 /* Sources */,
				2C42E13A2B51A283006B1040 /* Frameworks */,
				2C42E13B2B51A283006B1040 /* Resources */,
			);
			buildRules = (
			);
			dependencies = (
			);
			name = FabricaAutomoviles;
			productName = FabricaAutomoviles;
			productReference = 2C42E13D2B51A283006B1040 /* FabricaAutomoviles.app */;
			productType = "com.apple.product-type.application";
		};
/* End PBXNativeTarget section */

/* Begin PBXProject section */
		2C42E1352B51A283006B1040 /* Project object */ = {
			isa = PBXProject;
			attributes = {
				BuildIndependentTargetsInParallel = 1;
				LastSwiftUpdateCheck = 1520;
				LastUpgradeCheck = 1520;
				TargetAttributes = {
					2C42E13C2B51A283006B1040 = {
						CreatedOnToolsVersion = 15.2;
					};
				};
			};
			buildConfigurationList = 2C42E1382B51A283006B1040 /* Build configuration list for PBXProject "FabricaAutomoviles" */;
			compatibilityVersion = "Xcode 14.0";
			developmentRegion = en;
			hasScannedForEncodings = 0;
			knownRegions = (
				en,
				Base,
			);
			mainGroup = 2C42E1342B51A283006B1040;
			productRefGroup = 2C42E13E2B51A283006B1040 /* Products */;
			projectDirPath = "";
			projectRoot = "";
			targets = (
				2C42E13C2B51A283006B1040 /* FabricaAutomoviles */,
			);
		};
/* End PBXProject section */

/* Begin PBXResourcesBuildPhase section */
		2C42E13B2B51A283006B1040 /* Resources */ = {
			isa = PBXResourcesBuildPhase;
			buildActionMask = 2147483647;
			files = (
				2C42E14D2B51A284006B1040 /* LaunchScreen.storyboard in Resources */,
				2C42E14A2B51A284006B1040 /* Assets.xcassets in Resources */,
				2C42E1482B51A283006B1040 /* Main.storyboard in Resources */,
			);
			runOnlyForDeploymentPostprocessing = 0;
		};
/* End PBXResourcesBuildPhase section */

/* Begin PBXSourcesBuildPhase section */
		2C42E1392B51A283006B1040 /* Sources */ = {
			isa = PBXSourcesBuildPhase;
			buildActionMask = 2147483647;
			files = (
				2C42E1452B51A283006B1040 /* ViewController.swift in Sources */,
				2C42E1592B51A397006B1040 /* AutomovilElectrico.swift in Sources */,
				2C42E1572B51A2C7006B1040 /* Automovil.swift in Sources */,
				2C42E1552B51A2AE006B1040 /* ViewControllerSegundaPantalla.swift in Sources */,
				2C42E1412B51A283006B1040 /* AppDelegate.swift in Sources */,
				2C42E1432B51A283006B1040 /* SceneDelegate.swift in Sources */,
			);
			runOnlyForDeploymentPostprocessing = 0;
		};
/* End PBXSourcesBuildPhase section */

/* Begin PBXVariantGroup section */
		2C42E1462B51A283006B1040 /* Main.storyboard */ = {
			isa = PBXVariantGroup;
			children = (
				2C42E1472B51A283006B1040 /* Base */,
			);
			name = Main.storyboard;
			sourceTree = "<group>";
		};
		2C42E14B2B51A284006B1040 /* LaunchScreen.storyboard */ = {
			isa = PBXVariantGroup;
			children = (
				2C42E14C2B51A284006B1040 /* Base */,
			);
			name = LaunchScreen.storyboard;
			sourceTree = "<group>";
		};
/* End PBXVariantGroup section */

/* Begin XCBuildConfiguration section */
		2C42E14F2B51A284006B1040 /* Debug */ = {
			isa = XCBuildConfiguration;
			buildSettings = {
				ALWAYS_SEARCH_USER_PATHS = NO;
				ASSETCATALOG_COMPILER_GENERATE_SWIFT_ASSET_SYMBOL_EXTENSIONS = YES;
				CLANG_ANALYZER_NONNULL = YES;
				CLANG_ANALYZER_NUMBER_OBJECT_CONVERSION = YES_AGGRESSIVE;
				CLANG_CXX_LANGUAGE_STANDARD = "gnu++20";
				CLANG_ENABLE_MODULES = YES;
				CLANG_ENABLE_OBJC_ARC = YES;
				CLANG_ENABLE_OBJC_WEAK = YES;
				CLANG_WARN_BLOCK_CAPTURE_AUTORELEASING = YES;
				CLANG_WARN_BOOL_CONVERSION = YES;
				CLANG_WARN_COMMA = YES;
				CLANG_WARN_CONSTANT_CONVERSION = YES;
				CLANG_WARN_DEPRECATED_OBJC_IMPLEMENTATIONS = YES;
				CLANG_WARN_DIRECT_OBJC_ISA_USAGE = YES_ERROR;
				CLANG_WARN_DOCUMENTATION_COMMENTS = YES;
				CLANG_WARN_EMPTY_BODY = YES;
				CLANG_WARN_ENUM_CONVERSION = YES;
				CLANG_WARN_INFINITE_RECURSION = YES;
				CLANG_WARN_INT_CONVERSION = YES;
				CLANG_WARN_NON_LITERAL_NULL_CONVERSION = YES;
				CLANG_WARN_OBJC_IMPLICIT_RETAIN_SELF = YES;
				CLANG_WARN_OBJC_LITERAL_CONVERSION = YES;
				CLANG_WARN_OBJC_ROOT_CLASS = YES_ERROR;
				CLANG_WARN_QUOTED_INCLUDE_IN_FRAMEWORK_HEADER = YES;
				CLANG_WARN_RANGE_LOOP_ANALYSIS = YES;
				CLANG_WARN_STRICT_PROTOTYPES = YES;
				CLANG_WARN_SUSPICIOUS_MOVE = YES;
				CLANG_WARN_UNGUARDED_AVAILABILITY = YES_AGGRESSIVE;
				CLANG_WARN_UNREACHABLE_CODE = YES;
				CLANG_WARN__DUPLICATE_METHOD_MATCH = YES;
				COPY_PHASE_STRIP = NO;
				DEBUG_INFORMATION_FORMAT = dwarf;
				ENABLE_STRICT_OBJC_MSGSEND = YES;
				ENABLE_TESTABILITY = YES;
				ENABLE_USER_SCRIPT_SANDBOXING = YES;
				GCC_C_LANGUAGE_STANDARD = gnu17;
				GCC_DYNAMIC_NO_PIC = NO;
				GCC_NO_COMMON_BLOCKS = YES;
				GCC_OPTIMIZATION_LEVEL = 0;
				GCC_PREPROCESSOR_DEFINITIONS = (
					"DEBUG=1",
					"$(inherited)",
				);
				GCC_WARN_64_TO_32_BIT_CONVERSION = YES;
				GCC_WARN_ABOUT_RETURN_TYPE = YES_ERROR;
				GCC_WARN_UNDECLARED_SELECTOR = YES;
				GCC_WARN_UNINITIALIZED_AUTOS = YES_AGGRESSIVE;
				GCC_WARN_UNUSED_FUNCTION = YES;
				GCC_WARN_UNUSED_VARIABLE = YES;
				IPHONEOS_DEPLOYMENT_TARGET = 17.2;
				LOCALIZATION_PREFERS_STRING_CATALOGS = YES;
				MTL_ENABLE_DEBUG_INFO = INCLUDE_SOURCE;
				MTL_FAST_MATH = YES;
				ONLY_ACTIVE_ARCH = YES;
				SDKROOT = iphoneos;
				SWIFT_ACTIVE_COMPILATION_CONDITIONS = "DEBUG $(inherited)";
				SWIFT_OPTIMIZATION_LEVEL = "-Onone";
			};
			name = Debug;
		};
		2C42E1502B51A284006B1040 /* Release */ = {
			isa = XCBuildConfiguration;
			buildSettings = {
				ALWAYS_SEARCH_USER_PATHS = NO;
				ASSETCATALOG_COMPILER_GENERATE_SWIFT_ASSET_SYMBOL_EXTENSIONS = YES;
				CLANG_ANALYZER_NONNULL = YES;
				CLANG_ANALYZER_NUMBER_OBJECT_CONVERSION = YES_AGGRESSIVE;
				CLANG_CXX_LANGUAGE_STANDARD = "gnu++20";
				CLANG_ENABLE_MODULES = YES;
				CLANG_ENABLE_OBJC_ARC = YES;
				CLANG_ENABLE_OBJC_WEAK = YES;
				CLANG_WARN_BLOCK_CAPTURE_AUTORELEASING = YES;
				CLANG_WARN_BOOL_CONVERSION = YES;
				CLANG_WARN_COMMA = YES;
				CLANG_WARN_CONSTANT_CONVERSION = YES;
				CLANG_WARN_DEPRECATED_OBJC_IMPLEMENTATIONS = YES;
				CLANG_WARN_DIRECT_OBJC_ISA_USAGE = YES_ERROR;
				CLANG_WARN_DOCUMENTATION_COMMENTS = YES;
				CLANG_WARN_EMPTY_BODY = YES;
				CLANG_WARN_ENUM_CONVERSION = YES;
				CLANG_WARN_INFINITE_RECURSION = YES;
				CLANG_WARN_INT_CONVERSION = YES;
				CLANG_WARN_NON_LITERAL_NULL_CONVERSION = YES;
				CLANG_WARN_OBJC_IMPLICIT_RETAIN_SELF = YES;
				CLANG_WARN_OBJC_LITERAL_CONVERSION = YES;
				CLANG_WARN_OBJC_ROOT_CLASS = YES_ERROR;
				CLANG_WARN_QUOTED_INCLUDE_IN_FRAMEWORK_HEADER = YES;
				CLANG_WARN_RANGE_LOOP_ANALYSIS = YES;
				CLANG_WARN_STRICT_PROTOTYPES = YES;
				CLANG_WARN_SUSPICIOUS_MOVE = YES;
				CLANG_WARN_UNGUARDED_AVAILABILITY = YES_AGGRESSIVE;
				CLANG_WARN_UNREACHABLE_CODE = YES;
				CLANG_WARN__DUPLICATE_METHOD_MATCH = YES;
				COPY_PHASE_STRIP = NO;
				DEBUG_INFORMATION_FORMAT = "dwarf-with-dsym";
				ENABLE_NS_ASSERTIONS = NO;
				ENABLE_STRICT_OBJC_MSGSEND = YES;
				ENABLE_USER_SCRIPT_SANDBOXING = YES;
				GCC_C_LANGUAGE_STANDARD = gnu17;
				GCC_NO_COMMON_BLOCKS = YES;
				GCC_WARN_64_TO_32_BIT_CONVERSION = YES;
				GCC_WARN_ABOUT_RETURN_TYPE = YES_ERROR;
				GCC_WARN_UNDECLARED_SELECTOR = YES;
				GCC_WARN_UNINITIALIZED_AUTOS = YES_AGGRESSIVE;
				GCC_WARN_UNUSED_FUNCTION = YES;
				GCC_WARN_UNUSED_VARIABLE = YES;
				IPHONEOS_DEPLOYMENT_TARGET = 17.2;
				LOCALIZATION_PREFERS_STRING_CATALOGS = YES;
				MTL_ENABLE_DEBUG_INFO = NO;
				MTL_FAST_MATH = YES;
				SDKROOT = iphoneos;
				SWIFT_COMPILATION_MODE = wholemodule;
				VALIDATE_PRODUCT = YES;
			};
			name = Release;
		};
		2C42E1522B51A284006B1040 /* Debug */ = {
			isa = XCBuildConfiguration;
			buildSettings = {
				ASSETCATALOG_COMPILER_APPICON_NAME = AppIcon;
				ASSETCATALOG_COMPILER_GLOBAL_ACCENT_COLOR_NAME = AccentColor;
				CODE_SIGN_STYLE = Automatic;
				CURRENT_PROJECT_VERSION = 1;
				GENERATE_INFOPLIST_FILE = YES;
				INFOPLIST_FILE = FabricaAutomoviles/Info.plist;
				INFOPLIST_KEY_UIApplicationSupportsIndirectInputEvents = YES;
				INFOPLIST_KEY_UILaunchStoryboardName = LaunchScreen;
				INFOPLIST_KEY_UIMainStoryboardFile = Main;
				INFOPLIST_KEY_UISupportedInterfaceOrientations_iPad = "UIInterfaceOrientationPortrait UIInterfaceOrientationPortraitUpsideDown UIInterfaceOrientationLandscapeLeft UIInterfaceOrientationLandscapeRight";
				INFOPLIST_KEY_UISupportedInterfaceOrientations_iPhone = "UIInterfaceOrientationPortrait UIInterfaceOrientationLandscapeLeft UIInterfaceOrientationLandscapeRight";
				LD_RUNPATH_SEARCH_PATHS = (
					"$(inherited)",
					"@executable_path/Frameworks",
				);
				MARKETING_VERSION = 1.0;
				PRODUCT_BUNDLE_IDENTIFIER = com.DanielCazorro.FabricaAutomoviles;
				PRODUCT_NAME = "$(TARGET_NAME)";
				SWIFT_EMIT_LOC_STRINGS = YES;
				SWIFT_VERSION = 5.0;
				TARGETED_DEVICE_FAMILY = "1,2";
			};
			name = Debug;
		};
		2C42E1532B51A284006B1040 /* Release */ = {
			isa = XCBuildConfiguration;
			buildSettings = {
				ASSETCATALOG_COMPILER_APPICON_NAME = AppIcon;
				ASSETCATALOG_COMPILER_GLOBAL_ACCENT_COLOR_NAME = AccentColor;
				CODE_SIGN_STYLE = Automatic;
				CURRENT_PROJECT_VERSION = 1;
				GENERATE_INFOPLIST_FILE = YES;
				INFOPLIST_FILE = FabricaAutomoviles/Info.plist;
				INFOPLIST_KEY_UIApplicationSupportsIndirectInputEvents = YES;
				INFOPLIST_KEY_UILaunchStoryboardName = LaunchScreen;
				INFOPLIST_KEY_UIMainStoryboardFile = Main;
				INFOPLIST_KEY_UISupportedInterfaceOrientations_iPad = "UIInterfaceOrientationPortrait UIInterfaceOrientationPortraitUpsideDown UIInterfaceOrientationLandscapeLeft UIInterfaceOrientationLandscapeRight";
				INFOPLIST_KEY_UISupportedInterfaceOrientations_iPhone = "UIInterfaceOrientationPortrait UIInterfaceOrientationLandscapeLeft UIInterfaceOrientationLandscapeRight";
				LD_RUNPATH_SEARCH_PATHS = (
					"$(inherited)",
					"@executable_path/Frameworks",
				);
				MARKETING_VERSION = 1.0;
				PRODUCT_BUNDLE_IDENTIFIER = com.DanielCazorro.FabricaAutomoviles;
				PRODUCT_NAME = "$(TARGET_NAME)";
				SWIFT_EMIT_LOC_STRINGS = YES;
				SWIFT_VERSION = 5.0;
				TARGETED_DEVICE_FAMILY = "1,2";
			};
			name = Release;
		};
/* End XCBuildConfiguration section */

/* Begin XCConfigurationList section */
		2C42E1382B51A283006B1040 /* Build configuration list for PBXProject "FabricaAutomoviles" */ = {
			isa = XCConfigurationList;
			buildConfigurations = (
				2C42E14F2B51A284006B1040 /* Debug */,
				2C42E1502B51A284006B1040 /* Release */,
			);
			defaultConfigurationIsVisible = 0;
			defaultConfigurationName = Release;
		};
		2C42E1512B51A284006B1040 /* Build configuration list for PBXNativeTarget "FabricaAutomoviles" */ = {
			isa = XCConfigurationList;
			buildConfigurations = (
				2C42E1522B51A284006B1040 /* Debug */,
				2C42E1532B51A284006B1040 /* Release */,
			);
			defaultConfigurationIsVisible = 0;
			defaultConfigurationName = Release;
		};
/* End XCConfigurationList section */
	};
	rootObject = 2C42E1352B51A283006B1040 /* Project object */;
}
